
Microsoft Visual Studio Solution File, Format Version 12.00
# Visual Studio 14
Project("{2150E333-8FDC-42A3-9474-1A3956D46DE8}") = "CMakePredefinedTargets", "CMakePredefinedTargets", "{95C56C22-79A2-3D2F-B225-85D44B91ECE3}"
EndProject
Project("{2150E333-8FDC-42A3-9474-1A3956D46DE8}") = "External", "External", "{C5F23CFE-2A80-36BF-98A8-B25DC20E2795}"
EndProject
Project("{2150E333-8FDC-42A3-9474-1A3956D46DE8}") = "Internal", "Internal", "{E1AF4B42-3D9F-37CE-BBA9-1D9EB3F0E7F0}"
EndProject
Project("{8BC9CEB8-8B4A-11D0-8D11-00A0C91BC942}") = "ALL_BUILD", "ALL_BUILD.vcxproj", "{81DFFC7D-05AD-3C5C-8929-892D9929D9F2}"
	ProjectSection(ProjectDependencies) = postProject
		{5D95F3BF-908D-30E8-95EF-9E8FA5BD6C1F} = {5D95F3BF-908D-30E8-95EF-9E8FA5BD6C1F}
		{63891DF0-2FF3-3527-8E11-5F2B6C73B6FB} = {63891DF0-2FF3-3527-8E11-5F2B6C73B6FB}
		{A9F1AF72-3710-364F-AAAF-7E8205994EBF} = {A9F1AF72-3710-364F-AAAF-7E8205994EBF}
		{CF4D009C-AF4D-3261-AAC3-A93A5722EDE6} = {CF4D009C-AF4D-3261-AAC3-A93A5722EDE6}
		{D1B5BDC0-C32C-3EDC-9093-D024A314E25C} = {D1B5BDC0-C32C-3EDC-9093-D024A314E25C}
		{732B600B-FA36-3C51-9FE0-0E85D459EA8C} = {732B600B-FA36-3C51-9FE0-0E85D459EA8C}
		{A8C82C0B-7895-344F-843F-50A923E6873A} = {A8C82C0B-7895-344F-843F-50A923E6873A}
		{BE11F3B3-4772-320D-A08D-3AE576AD0984} = {BE11F3B3-4772-320D-A08D-3AE576AD0984}
		{F7DBB65F-8033-34FC-A0FF-96ACC808640B} = {F7DBB65F-8033-34FC-A0FF-96ACC808640B}
		{6BFCF91E-947E-3084-AC1B-93C90A261DCD} = {6BFCF91E-947E-3084-AC1B-93C90A261DCD}
		{588B8C29-E96D-32D0-A853-0C3683949368} = {588B8C29-E96D-32D0-A853-0C3683949368}
		{894C24D2-27BF-35D8-9E8E-0E01A4CCA577} = {894C24D2-27BF-35D8-9E8E-0E01A4CCA577}
		{327A916E-D976-31B0-9E5D-CD2C85B76A0A} = {327A916E-D976-31B0-9E5D-CD2C85B76A0A}
	EndProjectSection
EndProject
Project("{8BC9CEB8-8B4A-11D0-8D11-00A0C91BC942}") = "ZERO_CHECK", "..\..\..\\ZERO_CHECK.vcxproj", "{5D95F3BF-908D-30E8-95EF-9E8FA5BD6C1F}"
	ProjectSection(ProjectDependencies) = postProject
	EndProjectSection
EndProject
Project("{8BC9CEB8-8B4A-11D0-8D11-00A0C91BC942}") = "cocos2d", "cocos2d.vcxproj", "{63891DF0-2FF3-3527-8E11-5F2B6C73B6FB}"
	ProjectSection(ProjectDependencies) = postProject
		{5D95F3BF-908D-30E8-95EF-9E8FA5BD6C1F} = {5D95F3BF-908D-30E8-95EF-9E8FA5BD6C1F}
		{A9F1AF72-3710-364F-AAAF-7E8205994EBF} = {A9F1AF72-3710-364F-AAAF-7E8205994EBF}
		{CF4D009C-AF4D-3261-AAC3-A93A5722EDE6} = {CF4D009C-AF4D-3261-AAC3-A93A5722EDE6}
		{D1B5BDC0-C32C-3EDC-9093-D024A314E25C} = {D1B5BDC0-C32C-3EDC-9093-D024A314E25C}
		{732B600B-FA36-3C51-9FE0-0E85D459EA8C} = {732B600B-FA36-3C51-9FE0-0E85D459EA8C}
		{A8C82C0B-7895-344F-843F-50A923E6873A} = {A8C82C0B-7895-344F-843F-50A923E6873A}
		{BE11F3B3-4772-320D-A08D-3AE576AD0984} = {BE11F3B3-4772-320D-A08D-3AE576AD0984}
		{F7DBB65F-8033-34FC-A0FF-96ACC808640B} = {F7DBB65F-8033-34FC-A0FF-96ACC808640B}
		{6BFCF91E-947E-3084-AC1B-93C90A261DCD} = {6BFCF91E-947E-3084-AC1B-93C90A261DCD}
		{588B8C29-E96D-32D0-A853-0C3683949368} = {588B8C29-E96D-32D0-A853-0C3683949368}
		{894C24D2-27BF-35D8-9E8E-0E01A4CCA577} = {894C24D2-27BF-35D8-9E8E-0E01A4CCA577}
		{327A916E-D976-31B0-9E5D-CD2C85B76A0A} = {327A916E-D976-31B0-9E5D-CD2C85B76A0A}
	EndProjectSection
EndProject
Project("{8BC9CEB8-8B4A-11D0-8D11-00A0C91BC942}") = "ext_clipper", "..\..\external\clipper\ext_clipper.vcxproj", "{A9F1AF72-3710-364F-AAAF-7E8205994EBF}"
	ProjectSection(ProjectDependencies) = postProject
		{5D95F3BF-908D-30E8-95EF-9E8FA5BD6C1F} = {5D95F3BF-908D-30E8-95EF-9E8FA5BD6C1F}
	EndProjectSection
EndProject
Project("{8BC9CEB8-8B4A-11D0-8D11-00A0C91BC942}") = "ext_convertUTF", "..\..\external\ConvertUTF\ext_convertUTF.vcxproj", "{CF4D009C-AF4D-3261-AAC3-A93A5722EDE6}"
	ProjectSection(ProjectDependencies) = postProject
		{5D95F3BF-908D-30E8-95EF-9E8FA5BD6C1F} = {5D95F3BF-908D-30E8-95EF-9E8FA5BD6C1F}
	EndProjectSection
EndProject
Project("{8BC9CEB8-8B4A-11D0-8D11-00A0C91BC942}") = "ext_edtaa3func", "..\..\external\edtaa3func\ext_edtaa3func.vcxproj", "{D1B5BDC0-C32C-3EDC-9093-D024A314E25C}"
	ProjectSection(ProjectDependencies) = postProject
		{5D95F3BF-908D-30E8-95EF-9E8FA5BD6C1F} = {5D95F3BF-908D-30E8-95EF-9E8FA5BD6C1F}
	EndProjectSection
EndProject
Project("{8BC9CEB8-8B4A-11D0-8D11-00A0C91BC942}") = "ext_md5", "..\..\external\md5\ext_md5.vcxproj", "{732B600B-FA36-3C51-9FE0-0E85D459EA8C}"
	ProjectSection(ProjectDependencies) = postProject
		{5D95F3BF-908D-30E8-95EF-9E8FA5BD6C1F} = {5D95F3BF-908D-30E8-95EF-9E8FA5BD6C1F}
	EndProjectSection
EndProject
Project("{8BC9CEB8-8B4A-11D0-8D11-00A0C91BC942}") = "ext_poly2tri", "..\..\external\poly2tri\ext_poly2tri.vcxproj", "{A8C82C0B-7895-344F-843F-50A923E6873A}"
	ProjectSection(ProjectDependencies) = postProject
		{5D95F3BF-908D-30E8-95EF-9E8FA5BD6C1F} = {5D95F3BF-908D-30E8-95EF-9E8FA5BD6C1F}
	EndProjectSection
EndProject
Project("{8BC9CEB8-8B4A-11D0-8D11-00A0C91BC942}") = "ext_recast", "..\..\external\recast\ext_recast.vcxproj", "{BE11F3B3-4772-320D-A08D-3AE576AD0984}"
	ProjectSection(ProjectDependencies) = postProject
		{5D95F3BF-908D-30E8-95EF-9E8FA5BD6C1F} = {5D95F3BF-908D-30E8-95EF-9E8FA5BD6C1F}
	EndProjectSection
EndProject
Project("{8BC9CEB8-8B4A-11D0-8D11-00A0C91BC942}") = "ext_tinyxml2", "..\..\external\tinyxml2\ext_tinyxml2.vcxproj", "{F7DBB65F-8033-34FC-A0FF-96ACC808640B}"
	ProjectSection(ProjectDependencies) = postProject
		{5D95F3BF-908D-30E8-95EF-9E8FA5BD6C1F} = {5D95F3BF-908D-30E8-95EF-9E8FA5BD6C1F}
	EndProjectSection
EndProject
Project("{8BC9CEB8-8B4A-11D0-8D11-00A0C91BC942}") = "ext_unzip", "..\..\external\unzip\ext_unzip.vcxproj", "{6BFCF91E-947E-3084-AC1B-93C90A261DCD}"
	ProjectSection(ProjectDependencies) = postProject
		{5D95F3BF-908D-30E8-95EF-9E8FA5BD6C1F} = {5D95F3BF-908D-30E8-95EF-9E8FA5BD6C1F}
	EndProjectSection
EndProject
Project("{8BC9CEB8-8B4A-11D0-8D11-00A0C91BC942}") = "ext_xxhash", "..\..\external\xxhash\ext_xxhash.vcxproj", "{588B8C29-E96D-32D0-A853-0C3683949368}"
	ProjectSection(ProjectDependencies) = postProject
		{5D95F3BF-908D-30E8-95EF-9E8FA5BD6C1F} = {5D95F3BF-908D-30E8-95EF-9E8FA5BD6C1F}
	EndProjectSection
EndProject
Project("{8BC9CEB8-8B4A-11D0-8D11-00A0C91BC942}") = "ext_xxtea", "..\..\external\xxtea\ext_xxtea.vcxproj", "{894C24D2-27BF-35D8-9E8E-0E01A4CCA577}"
	ProjectSection(ProjectDependencies) = postProject
		{5D95F3BF-908D-30E8-95EF-9E8FA5BD6C1F} = {5D95F3BF-908D-30E8-95EF-9E8FA5BD6C1F}
	EndProjectSection
EndProject
Project("{8BC9CEB8-8B4A-11D0-8D11-00A0C91BC942}") = "external", "..\..\external\external.vcxproj", "{327A916E-D976-31B0-9E5D-CD2C85B76A0A}"
	ProjectSection(ProjectDependencies) = postProject
		{5D95F3BF-908D-30E8-95EF-9E8FA5BD6C1F} = {5D95F3BF-908D-30E8-95EF-9E8FA5BD6C1F}
		{A9F1AF72-3710-364F-AAAF-7E8205994EBF} = {A9F1AF72-3710-364F-AAAF-7E8205994EBF}
		{CF4D009C-AF4D-3261-AAC3-A93A5722EDE6} = {CF4D009C-AF4D-3261-AAC3-A93A5722EDE6}
		{D1B5BDC0-C32C-3EDC-9093-D024A314E25C} = {D1B5BDC0-C32C-3EDC-9093-D024A314E25C}
		{732B600B-FA36-3C51-9FE0-0E85D459EA8C} = {732B600B-FA36-3C51-9FE0-0E85D459EA8C}
		{A8C82C0B-7895-344F-843F-50A923E6873A} = {A8C82C0B-7895-344F-843F-50A923E6873A}
		{BE11F3B3-4772-320D-A08D-3AE576AD0984} = {BE11F3B3-4772-320D-A08D-3AE576AD0984}
		{F7DBB65F-8033-34FC-A0FF-96ACC808640B} = {F7DBB65F-8033-34FC-A0FF-96ACC808640B}
		{6BFCF91E-947E-3084-AC1B-93C90A261DCD} = {6BFCF91E-947E-3084-AC1B-93C90A261DCD}
		{588B8C29-E96D-32D0-A853-0C3683949368} = {588B8C29-E96D-32D0-A853-0C3683949368}
		{894C24D2-27BF-35D8-9E8E-0E01A4CCA577} = {894C24D2-27BF-35D8-9E8E-0E01A4CCA577}
	EndProjectSection
EndProject
Global
	GlobalSection(SolutionConfigurationPlatforms) = preSolution
		Debug|Win32 = Debug|Win32
		Release|Win32 = Release|Win32
		MinSizeRel|Win32 = MinSizeRel|Win32
		RelWithDebInfo|Win32 = RelWithDebInfo|Win32
	EndGlobalSection
	GlobalSection(ProjectConfigurationPlatforms) = postSolution
		{81DFFC7D-05AD-3C5C-8929-892D9929D9F2}.Debug|Win32.ActiveCfg = Debug|Win32
		{81DFFC7D-05AD-3C5C-8929-892D9929D9F2}.Release|Win32.ActiveCfg = Release|Win32
		{81DFFC7D-05AD-3C5C-8929-892D9929D9F2}.MinSizeRel|Win32.ActiveCfg = MinSizeRel|Win32
		{81DFFC7D-05AD-3C5C-8929-892D9929D9F2}.RelWithDebInfo|Win32.ActiveCfg = RelWithDebInfo|Win32
		{5D95F3BF-908D-30E8-95EF-9E8FA5BD6C1F}.Debug|Win32.ActiveCfg = Debug|Win32
		{5D95F3BF-908D-30E8-95EF-9E8FA5BD6C1F}.Debug|Win32.Build.0 = Debug|Win32
		{5D95F3BF-908D-30E8-95EF-9E8FA5BD6C1F}.Release|Win32.ActiveCfg = Release|Win32
		{5D95F3BF-908D-30E8-95EF-9E8FA5BD6C1F}.Release|Win32.Build.0 = Release|Win32
		{5D95F3BF-908D-30E8-95EF-9E8FA5BD6C1F}.MinSizeRel|Win32.ActiveCfg = MinSizeRel|Win32
		{5D95F3BF-908D-30E8-95EF-9E8FA5BD6C1F}.MinSizeRel|Win32.Build.0 = MinSizeRel|Win32
		{5D95F3BF-908D-30E8-95EF-9E8FA5BD6C1F}.RelWithDebInfo|Win32.ActiveCfg = RelWithDebInfo|Win32
		{5D95F3BF-908D-30E8-95EF-9E8FA5BD6C1F}.RelWithDebInfo|Win32.Build.0 = RelWithDebInfo|Win32
		{63891DF0-2FF3-3527-8E11-5F2B6C73B6FB}.Debug|Win32.ActiveCfg = Debug|Win32
		{63891DF0-2FF3-3527-8E11-5F2B6C73B6FB}.Debug|Win32.Build.0 = Debug|Win32
		{63891DF0-2FF3-3527-8E11-5F2B6C73B6FB}.Release|Win32.ActiveCfg = Release|Win32
		{63891DF0-2FF3-3527-8E11-5F2B6C73B6FB}.Release|Win32.Build.0 = Release|Win32
		{63891DF0-2FF3-3527-8E11-5F2B6C73B6FB}.MinSizeRel|Win32.ActiveCfg = MinSizeRel|Win32
		{63891DF0-2FF3-3527-8E11-5F2B6C73B6FB}.MinSizeRel|Win32.Build.0 = MinSizeRel|Win32
		{63891DF0-2FF3-3527-8E11-5F2B6C73B6FB}.RelWithDebInfo|Win32.ActiveCfg = RelWithDebInfo|Win32
		{63891DF0-2FF3-3527-8E11-5F2B6C73B6FB}.RelWithDebInfo|Win32.Build.0 = RelWithDebInfo|Win32
		{A9F1AF72-3710-364F-AAAF-7E8205994EBF}.Debug|Win32.ActiveCfg = Debug|Win32
		{A9F1AF72-3710-364F-AAAF-7E8205994EBF}.Debug|Win32.Build.0 = Debug|Win32
		{A9F1AF72-3710-364F-AAAF-7E8205994EBF}.Release|Win32.ActiveCfg = Release|Win32
		{A9F1AF72-3710-364F-AAAF-7E8205994EBF}.Release|Win32.Build.0 = Release|Win32
		{A9F1AF72-3710-364F-AAAF-7E8205994EBF}.MinSizeRel|Win32.ActiveCfg = MinSizeRel|Win32
		{A9F1AF72-3710-364F-AAAF-7E8205994EBF}.MinSizeRel|Win32.Build.0 = MinSizeRel|Win32
		{A9F1AF72-3710-364F-AAAF-7E8205994EBF}.RelWithDebInfo|Win32.ActiveCfg = RelWithDebInfo|Win32
		{A9F1AF72-3710-364F-AAAF-7E8205994EBF}.RelWithDebInfo|Win32.Build.0 = RelWithDebInfo|Win32
		{CF4D009C-AF4D-3261-AAC3-A93A5722EDE6}.Debug|Win32.ActiveCfg = Debug|Win32
		{CF4D009C-AF4D-3261-AAC3-A93A5722EDE6}.Debug|Win32.Build.0 = Debug|Win32
		{CF4D009C-AF4D-3261-AAC3-A93A5722EDE6}.Release|Win32.ActiveCfg = Release|Win32
		{CF4D009C-AF4D-3261-AAC3-A93A5722EDE6}.Release|Win32.Build.0 = Release|Win32
		{CF4D009C-AF4D-3261-AAC3-A93A5722EDE6}.MinSizeRel|Win32.ActiveCfg = MinSizeRel|Win32
		{CF4D009C-AF4D-3261-AAC3-A93A5722EDE6}.MinSizeRel|Win32.Build.0 = MinSizeRel|Win32
		{CF4D009C-AF4D-3261-AAC3-A93A5722EDE6}.RelWithDebInfo|Win32.ActiveCfg = RelWithDebInfo|Win32
		{CF4D009C-AF4D-3261-AAC3-A93A5722EDE6}.RelWithDebInfo|Win32.Build.0 = RelWithDebInfo|Win32
		{D1B5BDC0-C32C-3EDC-9093-D024A314E25C}.Debug|Win32.ActiveCfg = Debug|Win32
		{D1B5BDC0-C32C-3EDC-9093-D024A314E25C}.Debug|Win32.Build.0 = Debug|Win32
		{D1B5BDC0-C32C-3EDC-9093-D024A314E25C}.Release|Win32.ActiveCfg = Release|Win32
		{D1B5BDC0-C32C-3EDC-9093-D024A314E25C}.Release|Win32.Build.0 = Release|Win32
		{D1B5BDC0-C32C-3EDC-9093-D024A314E25C}.MinSizeRel|Win32.ActiveCfg = MinSizeRel|Win32
		{D1B5BDC0-C32C-3EDC-9093-D024A314E25C}.MinSizeRel|Win32.Build.0 = MinSizeRel|Win32
		{D1B5BDC0-C32C-3EDC-9093-D024A314E25C}.RelWithDebInfo|Win32.ActiveCfg = RelWithDebInfo|Win32
		{D1B5BDC0-C32C-3EDC-9093-D024A314E25C}.RelWithDebInfo|Win32.Build.0 = RelWithDebInfo|Win32
		{732B600B-FA36-3C51-9FE0-0E85D459EA8C}.Debug|Win32.ActiveCfg = Debug|Win32
		{732B600B-FA36-3C51-9FE0-0E85D459EA8C}.Debug|Win32.Build.0 = Debug|Win32
		{732B600B-FA36-3C51-9FE0-0E85D459EA8C}.Release|Win32.ActiveCfg = Release|Win32
		{732B600B-FA36-3C51-9FE0-0E85D459EA8C}.Release|Win32.Build.0 = Release|Win32
		{732B600B-FA36-3C51-9FE0-0E85D459EA8C}.MinSizeRel|Win32.ActiveCfg = MinSizeRel|Win32
		{732B600B-FA36-3C51-9FE0-0E85D459EA8C}.MinSizeRel|Win32.Build.0 = MinSizeRel|Win32
		{732B600B-FA36-3C51-9FE0-0E85D459EA8C}.RelWithDebInfo|Win32.ActiveCfg = RelWithDebInfo|Win32
		{732B600B-FA36-3C51-9FE0-0E85D459EA8C}.RelWithDebInfo|Win32.Build.0 = RelWithDebInfo|Win32
		{A8C82C0B-7895-344F-843F-50A923E6873A}.Debug|Win32.ActiveCfg = Debug|Win32
		{A8C82C0B-7895-344F-843F-50A923E6873A}.Debug|Win32.Build.0 = Debug|Win32
		{A8C82C0B-7895-344F-843F-50A923E6873A}.Release|Win32.ActiveCfg = Release|Win32
		{A8C82C0B-7895-344F-843F-50A923E6873A}.Release|Win32.Build.0 = Release|Win32
		{A8C82C0B-7895-344F-843F-50A923E6873A}.MinSizeRel|Win32.ActiveCfg = MinSizeRel|Win32
		{A8C82C0B-7895-344F-843F-50A923E6873A}.MinSizeRel|Win32.Build.0 = MinSizeRel|Win32
		{A8C82C0B-7895-344F-843F-50A923E6873A}.RelWithDebInfo|Win32.ActiveCfg = RelWithDebInfo|Win32
		{A8C82C0B-7895-344F-843F-50A923E6873A}.RelWithDebInfo|Win32.Build.0 = RelWithDebInfo|Win32
		{BE11F3B3-4772-320D-A08D-3AE576AD0984}.Debug|Win32.ActiveCfg = Debug|Win32
		{BE11F3B3-4772-320D-A08D-3AE576AD0984}.Debug|Win32.Build.0 = Debug|Win32
		{BE11F3B3-4772-320D-A08D-3AE576AD0984}.Release|Win32.ActiveCfg = Release|Win32
		{BE11F3B3-4772-320D-A08D-3AE576AD0984}.Release|Win32.Build.0 = Release|Win32
		{BE11F3B3-4772-320D-A08D-3AE576AD0984}.MinSizeRel|Win32.ActiveCfg = MinSizeRel|Win32
		{BE11F3B3-4772-320D-A08D-3AE576AD0984}.MinSizeRel|Win32.Build.0 = MinSizeRel|Win32
		{BE11F3B3-4772-320D-A08D-3AE576AD0984}.RelWithDebInfo|Win32.ActiveCfg = RelWithDebInfo|Win32
		{BE11F3B3-4772-320D-A08D-3AE576AD0984}.RelWithDebInfo|Win32.Build.0 = RelWithDebInfo|Win32
		{F7DBB65F-8033-34FC-A0FF-96ACC808640B}.Debug|Win32.ActiveCfg = Debug|Win32
		{F7DBB65F-8033-34FC-A0FF-96ACC808640B}.Debug|Win32.Build.0 = Debug|Win32
		{F7DBB65F-8033-34FC-A0FF-96ACC808640B}.Release|Win32.ActiveCfg = Release|Win32
		{F7DBB65F-8033-34FC-A0FF-96ACC808640B}.Release|Win32.Build.0 = Release|Win32
		{F7DBB65F-8033-34FC-A0FF-96ACC808640B}.MinSizeRel|Win32.ActiveCfg = MinSizeRel|Win32
		{F7DBB65F-8033-34FC-A0FF-96ACC808640B}.MinSizeRel|Win32.Build.0 = MinSizeRel|Win32
		{F7DBB65F-8033-34FC-A0FF-96ACC808640B}.RelWithDebInfo|Win32.ActiveCfg = RelWithDebInfo|Win32
		{F7DBB65F-8033-34FC-A0FF-96ACC808640B}.RelWithDebInfo|Win32.Build.0 = RelWithDebInfo|Win32
		{6BFCF91E-947E-3084-AC1B-93C90A261DCD}.Debug|Win32.ActiveCfg = Debug|Win32
		{6BFCF91E-947E-3084-AC1B-93C90A261DCD}.Debug|Win32.Build.0 = Debug|Win32
		{6BFCF91E-947E-3084-AC1B-93C90A261DCD}.Release|Win32.ActiveCfg = Release|Win32
		{6BFCF91E-947E-3084-AC1B-93C90A261DCD}.Release|Win32.Build.0 = Release|Win32
		{6BFCF91E-947E-3084-AC1B-93C90A261DCD}.MinSizeRel|Win32.ActiveCfg = MinSizeRel|Win32
		{6BFCF91E-947E-3084-AC1B-93C90A261DCD}.MinSizeRel|Win32.Build.0 = MinSizeRel|Win32
		{6BFCF91E-947E-3084-AC1B-93C90A261DCD}.RelWithDebInfo|Win32.ActiveCfg = RelWithDebInfo|Win32
		{6BFCF91E-947E-3084-AC1B-93C90A261DCD}.RelWithDebInfo|Win32.Build.0 = RelWithDebInfo|Win32
		{588B8C29-E96D-32D0-A853-0C3683949368}.Debug|Win32.ActiveCfg = Debug|Win32
		{588B8C29-E96D-32D0-A853-0C3683949368}.Debug|Win32.Build.0 = Debug|Win32
		{588B8C29-E96D-32D0-A853-0C3683949368}.Release|Win32.ActiveCfg = Release|Win32
		{588B8C29-E96D-32D0-A853-0C3683949368}.Release|Win32.Build.0 = Release|Win32
		{588B8C29-E96D-32D0-A853-0C3683949368}.MinSizeRel|Win32.ActiveCfg = MinSizeRel|Win32
		{588B8C29-E96D-32D0-A853-0C3683949368}.MinSizeRel|Win32.Build.0 = MinSizeRel|Win32
		{588B8C29-E96D-32D0-A853-0C3683949368}.RelWithDebInfo|Win32.ActiveCfg = RelWithDebInfo|Win32
		{588B8C29-E96D-32D0-A853-0C3683949368}.RelWithDebInfo|Win32.Build.0 = RelWithDebInfo|Win32
		{894C24D2-27BF-35D8-9E8E-0E01A4CCA577}.Debug|Win32.ActiveCfg = Debug|Win32
		{894C24D2-27BF-35D8-9E8E-0E01A4CCA577}.Debug|Win32.Build.0 = Debug|Win32
		{894C24D2-27BF-35D8-9E8E-0E01A4CCA577}.Release|Win32.ActiveCfg = Release|Win32
		{894C24D2-27BF-35D8-9E8E-0E01A4CCA577}.Release|Win32.Build.0 = Release|Win32
		{894C24D2-27BF-35D8-9E8E-0E01A4CCA577}.MinSizeRel|Win32.ActiveCfg = MinSizeRel|Win32
		{894C24D2-27BF-35D8-9E8E-0E01A4CCA577}.MinSizeRel|Win32.Build.0 = MinSizeRel|Win32
		{894C24D2-27BF-35D8-9E8E-0E01A4CCA577}.RelWithDebInfo|Win32.ActiveCfg = RelWithDebInfo|Win32
		{894C24D2-27BF-35D8-9E8E-0E01A4CCA577}.RelWithDebInfo|Win32.Build.0 = RelWithDebInfo|Win32
		{327A916E-D976-31B0-9E5D-CD2C85B76A0A}.Debug|Win32.ActiveCfg = Debug|Win32
		{327A916E-D976-31B0-9E5D-CD2C85B76A0A}.Debug|Win32.Build.0 = Debug|Win32
		{327A916E-D976-31B0-9E5D-CD2C85B76A0A}.Release|Win32.ActiveCfg = Release|Win32
		{327A916E-D976-31B0-9E5D-CD2C85B76A0A}.Release|Win32.Build.0 = Release|Win32
		{327A916E-D976-31B0-9E5D-CD2C85B76A0A}.MinSizeRel|Win32.ActiveCfg = MinSizeRel|Win32
		{327A916E-D976-31B0-9E5D-CD2C85B76A0A}.MinSizeRel|Win32.Build.0 = MinSizeRel|Win32
		{327A916E-D976-31B0-9E5D-CD2C85B76A0A}.RelWithDebInfo|Win32.ActiveCfg = RelWithDebInfo|Win32
		{327A916E-D976-31B0-9E5D-CD2C85B76A0A}.RelWithDebInfo|Win32.Build.0 = RelWithDebInfo|Win32
	EndGlobalSection
	GlobalSection(NestedProjects) = preSolution
		{81DFFC7D-05AD-3C5C-8929-892D9929D9F2} = {95C56C22-79A2-3D2F-B225-85D44B91ECE3}
		{5D95F3BF-908D-30E8-95EF-9E8FA5BD6C1F} = {95C56C22-79A2-3D2F-B225-85D44B91ECE3}
		{A9F1AF72-3710-364F-AAAF-7E8205994EBF} = {C5F23CFE-2A80-36BF-98A8-B25DC20E2795}
		{CF4D009C-AF4D-3261-AAC3-A93A5722EDE6} = {C5F23CFE-2A80-36BF-98A8-B25DC20E2795}
		{D1B5BDC0-C32C-3EDC-9093-D024A314E25C} = {C5F23CFE-2A80-36BF-98A8-B25DC20E2795}
		{732B600B-FA36-3C51-9FE0-0E85D459EA8C} = {C5F23CFE-2A80-36BF-98A8-B25DC20E2795}
		{A8C82C0B-7895-344F-843F-50A923E6873A} = {C5F23CFE-2A80-36BF-98A8-B25DC20E2795}
		{BE11F3B3-4772-320D-A08D-3AE576AD0984} = {C5F23CFE-2A80-36BF-98A8-B25DC20E2795}
		{F7DBB65F-8033-34FC-A0FF-96ACC808640B} = {C5F23CFE-2A80-36BF-98A8-B25DC20E2795}
		{6BFCF91E-947E-3084-AC1B-93C90A261DCD} = {C5F23CFE-2A80-36BF-98A8-B25DC20E2795}
		{588B8C29-E96D-32D0-A853-0C3683949368} = {C5F23CFE-2A80-36BF-98A8-B25DC20E2795}
		{894C24D2-27BF-35D8-9E8E-0E01A4CCA577} = {C5F23CFE-2A80-36BF-98A8-B25DC20E2795}
		{327A916E-D976-31B0-9E5D-CD2C85B76A0A} = {C5F23CFE-2A80-36BF-98A8-B25DC20E2795}
		{63891DF0-2FF3-3527-8E11-5F2B6C73B6FB} = {E1AF4B42-3D9F-37CE-BBA9-1D9EB3F0E7F0}
	EndGlobalSection
	GlobalSection(ExtensibilityGlobals) = postSolution
		SolutionGuid = {0992B238-F8B7-3242-92B3-C41C58D8A835}
	EndGlobalSection
	GlobalSection(ExtensibilityAddIns) = postSolution
	EndGlobalSection
EndGlobal
