<?xml version="1.0" encoding="utf-8"?>
<Project ToolsVersion="14.0" xmlns="http://schemas.microsoft.com/developer/msbuild/2003">
  <ItemGroup>
    <CustomBuild Include="C:\Users\201710911\Documents\CocosExamples\Match3Puzzle\proj.win32\CMakeFiles\ab249b4439e4b2abc50ae20d26ffe3a7\generate.stamp.rule">
      <Filter>CMake Rules</Filter>
    </CustomBuild>
  </ItemGroup>
  <ItemGroup>
    <Filter Include="CMake Rules">
      <UniqueIdentifier>{0E11360D-4A58-3B00-8A75-565186972F4B}</UniqueIdentifier>
    </Filter>
  </ItemGroup>
</Project>
