
Microsoft Visual Studio Solution File, Format Version 12.00
# Visual Studio 14
Project("{2150E333-8FDC-42A3-9474-1A3956D46DE8}") = "CMakePredefinedTargets", "CMakePredefinedTargets", "{26A3626C-6490-32FB-99E5-92BF96A8BF37}"
EndProject
Project("{2150E333-8FDC-42A3-9474-1A3956D46DE8}") = "External", "External", "{3DEC0C54-F76D-338C-A5FF-6BFF815F1167}"
EndProject
Project("{2150E333-8FDC-42A3-9474-1A3956D46DE8}") = "Internal", "Internal", "{E7020CB7-24F3-33A5-962D-3FFC02D6B910}"
EndProject
Project("{2150E333-8FDC-42A3-9474-1A3956D46DE8}") = "Utils", "Utils", "{9F4F72E5-BAFF-3158-82E3-48EE7F1DD638}"
EndProject
Project("{8BC9CEB8-8B4A-11D0-8D11-00A0C91BC942}") = "ALL_BUILD", "ALL_BUILD.vcxproj", "{1DD4F1E0-136C-30F6-86CE-C3679BCF15C0}"
	ProjectSection(ProjectDependencies) = postProject
		{7C549D7B-91C2-3C74-B0BE-392E76B62219} = {7C549D7B-91C2-3C74-B0BE-392E76B62219}
		{4A7924F9-2D4A-3C0D-B450-F9E8B7FDE1A2} = {4A7924F9-2D4A-3C0D-B450-F9E8B7FDE1A2}
		{D1340C24-A964-3BB6-AB45-324FFBBCDE69} = {D1340C24-A964-3BB6-AB45-324FFBBCDE69}
		{ADC834A2-5C3D-3E4C-84E9-79EF7459F98D} = {ADC834A2-5C3D-3E4C-84E9-79EF7459F98D}
		{A5FD765E-6578-32EA-9EE5-8EA159031EFF} = {A5FD765E-6578-32EA-9EE5-8EA159031EFF}
		{C8768E5A-184C-3520-85ED-A647A407D54F} = {C8768E5A-184C-3520-85ED-A647A407D54F}
		{DB7D39B7-6356-38EF-849D-BB9E7F5C55AC} = {DB7D39B7-6356-38EF-849D-BB9E7F5C55AC}
		{200B2FED-738C-38C8-B28B-A4735E06B794} = {200B2FED-738C-38C8-B28B-A4735E06B794}
		{6A2F9144-A3A3-37AC-B4E8-45D6999D0AFE} = {6A2F9144-A3A3-37AC-B4E8-45D6999D0AFE}
		{9CBBBC21-6EDF-3968-8C08-0FECE5AD6318} = {9CBBBC21-6EDF-3968-8C08-0FECE5AD6318}
		{DD60C459-55C0-3087-9205-C90984B69CBB} = {DD60C459-55C0-3087-9205-C90984B69CBB}
		{2C4D1F60-7792-345F-9DB8-3C462F68C769} = {2C4D1F60-7792-345F-9DB8-3C462F68C769}
		{4EBE3DF4-8BD2-3DBB-B5EF-58F6BB79A572} = {4EBE3DF4-8BD2-3DBB-B5EF-58F6BB79A572}
		{1C1AD7EB-35C8-354F-9C9E-D139E669E290} = {1C1AD7EB-35C8-354F-9C9E-D139E669E290}
		{7BB5DE6D-2DCF-3048-B197-0F8D92EBF735} = {7BB5DE6D-2DCF-3048-B197-0F8D92EBF735}
	EndProjectSection
EndProject
Project("{8BC9CEB8-8B4A-11D0-8D11-00A0C91BC942}") = "Bird", "Bird.vcxproj", "{7C549D7B-91C2-3C74-B0BE-392E76B62219}"
	ProjectSection(ProjectDependencies) = postProject
		{4A7924F9-2D4A-3C0D-B450-F9E8B7FDE1A2} = {4A7924F9-2D4A-3C0D-B450-F9E8B7FDE1A2}
		{D1340C24-A964-3BB6-AB45-324FFBBCDE69} = {D1340C24-A964-3BB6-AB45-324FFBBCDE69}
		{ADC834A2-5C3D-3E4C-84E9-79EF7459F98D} = {ADC834A2-5C3D-3E4C-84E9-79EF7459F98D}
		{A5FD765E-6578-32EA-9EE5-8EA159031EFF} = {A5FD765E-6578-32EA-9EE5-8EA159031EFF}
		{C8768E5A-184C-3520-85ED-A647A407D54F} = {C8768E5A-184C-3520-85ED-A647A407D54F}
		{DB7D39B7-6356-38EF-849D-BB9E7F5C55AC} = {DB7D39B7-6356-38EF-849D-BB9E7F5C55AC}
		{200B2FED-738C-38C8-B28B-A4735E06B794} = {200B2FED-738C-38C8-B28B-A4735E06B794}
		{6A2F9144-A3A3-37AC-B4E8-45D6999D0AFE} = {6A2F9144-A3A3-37AC-B4E8-45D6999D0AFE}
		{9CBBBC21-6EDF-3968-8C08-0FECE5AD6318} = {9CBBBC21-6EDF-3968-8C08-0FECE5AD6318}
		{DD60C459-55C0-3087-9205-C90984B69CBB} = {DD60C459-55C0-3087-9205-C90984B69CBB}
		{2C4D1F60-7792-345F-9DB8-3C462F68C769} = {2C4D1F60-7792-345F-9DB8-3C462F68C769}
		{4EBE3DF4-8BD2-3DBB-B5EF-58F6BB79A572} = {4EBE3DF4-8BD2-3DBB-B5EF-58F6BB79A572}
		{1C1AD7EB-35C8-354F-9C9E-D139E669E290} = {1C1AD7EB-35C8-354F-9C9E-D139E669E290}
		{7BB5DE6D-2DCF-3048-B197-0F8D92EBF735} = {7BB5DE6D-2DCF-3048-B197-0F8D92EBF735}
	EndProjectSection
EndProject
Project("{8BC9CEB8-8B4A-11D0-8D11-00A0C91BC942}") = "SYNC_RESOURCE-Bird", "SYNC_RESOURCE-Bird.vcxproj", "{4A7924F9-2D4A-3C0D-B450-F9E8B7FDE1A2}"
	ProjectSection(ProjectDependencies) = postProject
		{D1340C24-A964-3BB6-AB45-324FFBBCDE69} = {D1340C24-A964-3BB6-AB45-324FFBBCDE69}
	EndProjectSection
EndProject
Project("{8BC9CEB8-8B4A-11D0-8D11-00A0C91BC942}") = "ZERO_CHECK", "ZERO_CHECK.vcxproj", "{D1340C24-A964-3BB6-AB45-324FFBBCDE69}"
	ProjectSection(ProjectDependencies) = postProject
	EndProjectSection
EndProject
Project("{8BC9CEB8-8B4A-11D0-8D11-00A0C91BC942}") = "cocos2d", "engine\cocos\core\cocos2d.vcxproj", "{ADC834A2-5C3D-3E4C-84E9-79EF7459F98D}"
	ProjectSection(ProjectDependencies) = postProject
		{D1340C24-A964-3BB6-AB45-324FFBBCDE69} = {D1340C24-A964-3BB6-AB45-324FFBBCDE69}
		{A5FD765E-6578-32EA-9EE5-8EA159031EFF} = {A5FD765E-6578-32EA-9EE5-8EA159031EFF}
		{C8768E5A-184C-3520-85ED-A647A407D54F} = {C8768E5A-184C-3520-85ED-A647A407D54F}
		{DB7D39B7-6356-38EF-849D-BB9E7F5C55AC} = {DB7D39B7-6356-38EF-849D-BB9E7F5C55AC}
		{200B2FED-738C-38C8-B28B-A4735E06B794} = {200B2FED-738C-38C8-B28B-A4735E06B794}
		{6A2F9144-A3A3-37AC-B4E8-45D6999D0AFE} = {6A2F9144-A3A3-37AC-B4E8-45D6999D0AFE}
		{9CBBBC21-6EDF-3968-8C08-0FECE5AD6318} = {9CBBBC21-6EDF-3968-8C08-0FECE5AD6318}
		{DD60C459-55C0-3087-9205-C90984B69CBB} = {DD60C459-55C0-3087-9205-C90984B69CBB}
		{2C4D1F60-7792-345F-9DB8-3C462F68C769} = {2C4D1F60-7792-345F-9DB8-3C462F68C769}
		{4EBE3DF4-8BD2-3DBB-B5EF-58F6BB79A572} = {4EBE3DF4-8BD2-3DBB-B5EF-58F6BB79A572}
		{1C1AD7EB-35C8-354F-9C9E-D139E669E290} = {1C1AD7EB-35C8-354F-9C9E-D139E669E290}
		{7BB5DE6D-2DCF-3048-B197-0F8D92EBF735} = {7BB5DE6D-2DCF-3048-B197-0F8D92EBF735}
	EndProjectSection
EndProject
Project("{8BC9CEB8-8B4A-11D0-8D11-00A0C91BC942}") = "ext_clipper", "engine\external\clipper\ext_clipper.vcxproj", "{A5FD765E-6578-32EA-9EE5-8EA159031EFF}"
	ProjectSection(ProjectDependencies) = postProject
		{D1340C24-A964-3BB6-AB45-324FFBBCDE69} = {D1340C24-A964-3BB6-AB45-324FFBBCDE69}
	EndProjectSection
EndProject
Project("{8BC9CEB8-8B4A-11D0-8D11-00A0C91BC942}") = "ext_convertUTF", "engine\external\ConvertUTF\ext_convertUTF.vcxproj", "{C8768E5A-184C-3520-85ED-A647A407D54F}"
	ProjectSection(ProjectDependencies) = postProject
		{D1340C24-A964-3BB6-AB45-324FFBBCDE69} = {D1340C24-A964-3BB6-AB45-324FFBBCDE69}
	EndProjectSection
EndProject
Project("{8BC9CEB8-8B4A-11D0-8D11-00A0C91BC942}") = "ext_edtaa3func", "engine\external\edtaa3func\ext_edtaa3func.vcxproj", "{DB7D39B7-6356-38EF-849D-BB9E7F5C55AC}"
	ProjectSection(ProjectDependencies) = postProject
		{D1340C24-A964-3BB6-AB45-324FFBBCDE69} = {D1340C24-A964-3BB6-AB45-324FFBBCDE69}
	EndProjectSection
EndProject
Project("{8BC9CEB8-8B4A-11D0-8D11-00A0C91BC942}") = "ext_md5", "engine\external\md5\ext_md5.vcxproj", "{200B2FED-738C-38C8-B28B-A4735E06B794}"
	ProjectSection(ProjectDependencies) = postProject
		{D1340C24-A964-3BB6-AB45-324FFBBCDE69} = {D1340C24-A964-3BB6-AB45-324FFBBCDE69}
	EndProjectSection
EndProject
Project("{8BC9CEB8-8B4A-11D0-8D11-00A0C91BC942}") = "ext_poly2tri", "engine\external\poly2tri\ext_poly2tri.vcxproj", "{6A2F9144-A3A3-37AC-B4E8-45D6999D0AFE}"
	ProjectSection(ProjectDependencies) = postProject
		{D1340C24-A964-3BB6-AB45-324FFBBCDE69} = {D1340C24-A964-3BB6-AB45-324FFBBCDE69}
	EndProjectSection
EndProject
Project("{8BC9CEB8-8B4A-11D0-8D11-00A0C91BC942}") = "ext_recast", "engine\external\recast\ext_recast.vcxproj", "{9CBBBC21-6EDF-3968-8C08-0FECE5AD6318}"
	ProjectSection(ProjectDependencies) = postProject
		{D1340C24-A964-3BB6-AB45-324FFBBCDE69} = {D1340C24-A964-3BB6-AB45-324FFBBCDE69}
	EndProjectSection
EndProject
Project("{8BC9CEB8-8B4A-11D0-8D11-00A0C91BC942}") = "ext_tinyxml2", "engine\external\tinyxml2\ext_tinyxml2.vcxproj", "{DD60C459-55C0-3087-9205-C90984B69CBB}"
	ProjectSection(ProjectDependencies) = postProject
		{D1340C24-A964-3BB6-AB45-324FFBBCDE69} = {D1340C24-A964-3BB6-AB45-324FFBBCDE69}
	EndProjectSection
EndProject
Project("{8BC9CEB8-8B4A-11D0-8D11-00A0C91BC942}") = "ext_unzip", "engine\external\unzip\ext_unzip.vcxproj", "{2C4D1F60-7792-345F-9DB8-3C462F68C769}"
	ProjectSection(ProjectDependencies) = postProject
		{D1340C24-A964-3BB6-AB45-324FFBBCDE69} = {D1340C24-A964-3BB6-AB45-324FFBBCDE69}
	EndProjectSection
EndProject
Project("{8BC9CEB8-8B4A-11D0-8D11-00A0C91BC942}") = "ext_xxhash", "engine\external\xxhash\ext_xxhash.vcxproj", "{4EBE3DF4-8BD2-3DBB-B5EF-58F6BB79A572}"
	ProjectSection(ProjectDependencies) = postProject
		{D1340C24-A964-3BB6-AB45-324FFBBCDE69} = {D1340C24-A964-3BB6-AB45-324FFBBCDE69}
	EndProjectSection
EndProject
Project("{8BC9CEB8-8B4A-11D0-8D11-00A0C91BC942}") = "ext_xxtea", "engine\external\xxtea\ext_xxtea.vcxproj", "{1C1AD7EB-35C8-354F-9C9E-D139E669E290}"
	ProjectSection(ProjectDependencies) = postProject
		{D1340C24-A964-3BB6-AB45-324FFBBCDE69} = {D1340C24-A964-3BB6-AB45-324FFBBCDE69}
	EndProjectSection
EndProject
Project("{8BC9CEB8-8B4A-11D0-8D11-00A0C91BC942}") = "external", "engine\external\external.vcxproj", "{7BB5DE6D-2DCF-3048-B197-0F8D92EBF735}"
	ProjectSection(ProjectDependencies) = postProject
		{D1340C24-A964-3BB6-AB45-324FFBBCDE69} = {D1340C24-A964-3BB6-AB45-324FFBBCDE69}
		{A5FD765E-6578-32EA-9EE5-8EA159031EFF} = {A5FD765E-6578-32EA-9EE5-8EA159031EFF}
		{C8768E5A-184C-3520-85ED-A647A407D54F} = {C8768E5A-184C-3520-85ED-A647A407D54F}
		{DB7D39B7-6356-38EF-849D-BB9E7F5C55AC} = {DB7D39B7-6356-38EF-849D-BB9E7F5C55AC}
		{200B2FED-738C-38C8-B28B-A4735E06B794} = {200B2FED-738C-38C8-B28B-A4735E06B794}
		{6A2F9144-A3A3-37AC-B4E8-45D6999D0AFE} = {6A2F9144-A3A3-37AC-B4E8-45D6999D0AFE}
		{9CBBBC21-6EDF-3968-8C08-0FECE5AD6318} = {9CBBBC21-6EDF-3968-8C08-0FECE5AD6318}
		{DD60C459-55C0-3087-9205-C90984B69CBB} = {DD60C459-55C0-3087-9205-C90984B69CBB}
		{2C4D1F60-7792-345F-9DB8-3C462F68C769} = {2C4D1F60-7792-345F-9DB8-3C462F68C769}
		{4EBE3DF4-8BD2-3DBB-B5EF-58F6BB79A572} = {4EBE3DF4-8BD2-3DBB-B5EF-58F6BB79A572}
		{1C1AD7EB-35C8-354F-9C9E-D139E669E290} = {1C1AD7EB-35C8-354F-9C9E-D139E669E290}
	EndProjectSection
EndProject
Global
	GlobalSection(SolutionConfigurationPlatforms) = preSolution
		Debug|Win32 = Debug|Win32
		Release|Win32 = Release|Win32
		MinSizeRel|Win32 = MinSizeRel|Win32
		RelWithDebInfo|Win32 = RelWithDebInfo|Win32
	EndGlobalSection
	GlobalSection(ProjectConfigurationPlatforms) = postSolution
		{1DD4F1E0-136C-30F6-86CE-C3679BCF15C0}.Debug|Win32.ActiveCfg = Debug|Win32
		{1DD4F1E0-136C-30F6-86CE-C3679BCF15C0}.Release|Win32.ActiveCfg = Release|Win32
		{1DD4F1E0-136C-30F6-86CE-C3679BCF15C0}.MinSizeRel|Win32.ActiveCfg = MinSizeRel|Win32
		{1DD4F1E0-136C-30F6-86CE-C3679BCF15C0}.RelWithDebInfo|Win32.ActiveCfg = RelWithDebInfo|Win32
		{7C549D7B-91C2-3C74-B0BE-392E76B62219}.Debug|Win32.ActiveCfg = Debug|Win32
		{7C549D7B-91C2-3C74-B0BE-392E76B62219}.Debug|Win32.Build.0 = Debug|Win32
		{7C549D7B-91C2-3C74-B0BE-392E76B62219}.Release|Win32.ActiveCfg = Release|Win32
		{7C549D7B-91C2-3C74-B0BE-392E76B62219}.Release|Win32.Build.0 = Release|Win32
		{7C549D7B-91C2-3C74-B0BE-392E76B62219}.MinSizeRel|Win32.ActiveCfg = MinSizeRel|Win32
		{7C549D7B-91C2-3C74-B0BE-392E76B62219}.MinSizeRel|Win32.Build.0 = MinSizeRel|Win32
		{7C549D7B-91C2-3C74-B0BE-392E76B62219}.RelWithDebInfo|Win32.ActiveCfg = RelWithDebInfo|Win32
		{7C549D7B-91C2-3C74-B0BE-392E76B62219}.RelWithDebInfo|Win32.Build.0 = RelWithDebInfo|Win32
		{4A7924F9-2D4A-3C0D-B450-F9E8B7FDE1A2}.Debug|Win32.ActiveCfg = Debug|Win32
		{4A7924F9-2D4A-3C0D-B450-F9E8B7FDE1A2}.Debug|Win32.Build.0 = Debug|Win32
		{4A7924F9-2D4A-3C0D-B450-F9E8B7FDE1A2}.Release|Win32.ActiveCfg = Release|Win32
		{4A7924F9-2D4A-3C0D-B450-F9E8B7FDE1A2}.Release|Win32.Build.0 = Release|Win32
		{4A7924F9-2D4A-3C0D-B450-F9E8B7FDE1A2}.MinSizeRel|Win32.ActiveCfg = MinSizeRel|Win32
		{4A7924F9-2D4A-3C0D-B450-F9E8B7FDE1A2}.MinSizeRel|Win32.Build.0 = MinSizeRel|Win32
		{4A7924F9-2D4A-3C0D-B450-F9E8B7FDE1A2}.RelWithDebInfo|Win32.ActiveCfg = RelWithDebInfo|Win32
		{4A7924F9-2D4A-3C0D-B450-F9E8B7FDE1A2}.RelWithDebInfo|Win32.Build.0 = RelWithDebInfo|Win32
		{D1340C24-A964-3BB6-AB45-324FFBBCDE69}.Debug|Win32.ActiveCfg = Debug|Win32
		{D1340C24-A964-3BB6-AB45-324FFBBCDE69}.Debug|Win32.Build.0 = Debug|Win32
		{D1340C24-A964-3BB6-AB45-324FFBBCDE69}.Release|Win32.ActiveCfg = Release|Win32
		{D1340C24-A964-3BB6-AB45-324FFBBCDE69}.Release|Win32.Build.0 = Release|Win32
		{D1340C24-A964-3BB6-AB45-324FFBBCDE69}.MinSizeRel|Win32.ActiveCfg = MinSizeRel|Win32
		{D1340C24-A964-3BB6-AB45-324FFBBCDE69}.MinSizeRel|Win32.Build.0 = MinSizeRel|Win32
		{D1340C24-A964-3BB6-AB45-324FFBBCDE69}.RelWithDebInfo|Win32.ActiveCfg = RelWithDebInfo|Win32
		{D1340C24-A964-3BB6-AB45-324FFBBCDE69}.RelWithDebInfo|Win32.Build.0 = RelWithDebInfo|Win32
		{ADC834A2-5C3D-3E4C-84E9-79EF7459F98D}.Debug|Win32.ActiveCfg = Debug|Win32
		{ADC834A2-5C3D-3E4C-84E9-79EF7459F98D}.Debug|Win32.Build.0 = Debug|Win32
		{ADC834A2-5C3D-3E4C-84E9-79EF7459F98D}.Release|Win32.ActiveCfg = Release|Win32
		{ADC834A2-5C3D-3E4C-84E9-79EF7459F98D}.Release|Win32.Build.0 = Release|Win32
		{ADC834A2-5C3D-3E4C-84E9-79EF7459F98D}.MinSizeRel|Win32.ActiveCfg = MinSizeRel|Win32
		{ADC834A2-5C3D-3E4C-84E9-79EF7459F98D}.MinSizeRel|Win32.Build.0 = MinSizeRel|Win32
		{ADC834A2-5C3D-3E4C-84E9-79EF7459F98D}.RelWithDebInfo|Win32.ActiveCfg = RelWithDebInfo|Win32
		{ADC834A2-5C3D-3E4C-84E9-79EF7459F98D}.RelWithDebInfo|Win32.Build.0 = RelWithDebInfo|Win32
		{A5FD765E-6578-32EA-9EE5-8EA159031EFF}.Debug|Win32.ActiveCfg = Debug|Win32
		{A5FD765E-6578-32EA-9EE5-8EA159031EFF}.Debug|Win32.Build.0 = Debug|Win32
		{A5FD765E-6578-32EA-9EE5-8EA159031EFF}.Release|Win32.ActiveCfg = Release|Win32
		{A5FD765E-6578-32EA-9EE5-8EA159031EFF}.Release|Win32.Build.0 = Release|Win32
		{A5FD765E-6578-32EA-9EE5-8EA159031EFF}.MinSizeRel|Win32.ActiveCfg = MinSizeRel|Win32
		{A5FD765E-6578-32EA-9EE5-8EA159031EFF}.MinSizeRel|Win32.Build.0 = MinSizeRel|Win32
		{A5FD765E-6578-32EA-9EE5-8EA159031EFF}.RelWithDebInfo|Win32.ActiveCfg = RelWithDebInfo|Win32
		{A5FD765E-6578-32EA-9EE5-8EA159031EFF}.RelWithDebInfo|Win32.Build.0 = RelWithDebInfo|Win32
		{C8768E5A-184C-3520-85ED-A647A407D54F}.Debug|Win32.ActiveCfg = Debug|Win32
		{C8768E5A-184C-3520-85ED-A647A407D54F}.Debug|Win32.Build.0 = Debug|Win32
		{C8768E5A-184C-3520-85ED-A647A407D54F}.Release|Win32.ActiveCfg = Release|Win32
		{C8768E5A-184C-3520-85ED-A647A407D54F}.Release|Win32.Build.0 = Release|Win32
		{C8768E5A-184C-3520-85ED-A647A407D54F}.MinSizeRel|Win32.ActiveCfg = MinSizeRel|Win32
		{C8768E5A-184C-3520-85ED-A647A407D54F}.MinSizeRel|Win32.Build.0 = MinSizeRel|Win32
		{C8768E5A-184C-3520-85ED-A647A407D54F}.RelWithDebInfo|Win32.ActiveCfg = RelWithDebInfo|Win32
		{C8768E5A-184C-3520-85ED-A647A407D54F}.RelWithDebInfo|Win32.Build.0 = RelWithDebInfo|Win32
		{DB7D39B7-6356-38EF-849D-BB9E7F5C55AC}.Debug|Win32.ActiveCfg = Debug|Win32
		{DB7D39B7-6356-38EF-849D-BB9E7F5C55AC}.Debug|Win32.Build.0 = Debug|Win32
		{DB7D39B7-6356-38EF-849D-BB9E7F5C55AC}.Release|Win32.ActiveCfg = Release|Win32
		{DB7D39B7-6356-38EF-849D-BB9E7F5C55AC}.Release|Win32.Build.0 = Release|Win32
		{DB7D39B7-6356-38EF-849D-BB9E7F5C55AC}.MinSizeRel|Win32.ActiveCfg = MinSizeRel|Win32
		{DB7D39B7-6356-38EF-849D-BB9E7F5C55AC}.MinSizeRel|Win32.Build.0 = MinSizeRel|Win32
		{DB7D39B7-6356-38EF-849D-BB9E7F5C55AC}.RelWithDebInfo|Win32.ActiveCfg = RelWithDebInfo|Win32
		{DB7D39B7-6356-38EF-849D-BB9E7F5C55AC}.RelWithDebInfo|Win32.Build.0 = RelWithDebInfo|Win32
		{200B2FED-738C-38C8-B28B-A4735E06B794}.Debug|Win32.ActiveCfg = Debug|Win32
		{200B2FED-738C-38C8-B28B-A4735E06B794}.Debug|Win32.Build.0 = Debug|Win32
		{200B2FED-738C-38C8-B28B-A4735E06B794}.Release|Win32.ActiveCfg = Release|Win32
		{200B2FED-738C-38C8-B28B-A4735E06B794}.Release|Win32.Build.0 = Release|Win32
		{200B2FED-738C-38C8-B28B-A4735E06B794}.MinSizeRel|Win32.ActiveCfg = MinSizeRel|Win32
		{200B2FED-738C-38C8-B28B-A4735E06B794}.MinSizeRel|Win32.Build.0 = MinSizeRel|Win32
		{200B2FED-738C-38C8-B28B-A4735E06B794}.RelWithDebInfo|Win32.ActiveCfg = RelWithDebInfo|Win32
		{200B2FED-738C-38C8-B28B-A4735E06B794}.RelWithDebInfo|Win32.Build.0 = RelWithDebInfo|Win32
		{6A2F9144-A3A3-37AC-B4E8-45D6999D0AFE}.Debug|Win32.ActiveCfg = Debug|Win32
		{6A2F9144-A3A3-37AC-B4E8-45D6999D0AFE}.Debug|Win32.Build.0 = Debug|Win32
		{6A2F9144-A3A3-37AC-B4E8-45D6999D0AFE}.Release|Win32.ActiveCfg = Release|Win32
		{6A2F9144-A3A3-37AC-B4E8-45D6999D0AFE}.Release|Win32.Build.0 = Release|Win32
		{6A2F9144-A3A3-37AC-B4E8-45D6999D0AFE}.MinSizeRel|Win32.ActiveCfg = MinSizeRel|Win32
		{6A2F9144-A3A3-37AC-B4E8-45D6999D0AFE}.MinSizeRel|Win32.Build.0 = MinSizeRel|Win32
		{6A2F9144-A3A3-37AC-B4E8-45D6999D0AFE}.RelWithDebInfo|Win32.ActiveCfg = RelWithDebInfo|Win32
		{6A2F9144-A3A3-37AC-B4E8-45D6999D0AFE}.RelWithDebInfo|Win32.Build.0 = RelWithDebInfo|Win32
		{9CBBBC21-6EDF-3968-8C08-0FECE5AD6318}.Debug|Win32.ActiveCfg = Debug|Win32
		{9CBBBC21-6EDF-3968-8C08-0FECE5AD6318}.Debug|Win32.Build.0 = Debug|Win32
		{9CBBBC21-6EDF-3968-8C08-0FECE5AD6318}.Release|Win32.ActiveCfg = Release|Win32
		{9CBBBC21-6EDF-3968-8C08-0FECE5AD6318}.Release|Win32.Build.0 = Release|Win32
		{9CBBBC21-6EDF-3968-8C08-0FECE5AD6318}.MinSizeRel|Win32.ActiveCfg = MinSizeRel|Win32
		{9CBBBC21-6EDF-3968-8C08-0FECE5AD6318}.MinSizeRel|Win32.Build.0 = MinSizeRel|Win32
		{9CBBBC21-6EDF-3968-8C08-0FECE5AD6318}.RelWithDebInfo|Win32.ActiveCfg = RelWithDebInfo|Win32
		{9CBBBC21-6EDF-3968-8C08-0FECE5AD6318}.RelWithDebInfo|Win32.Build.0 = RelWithDebInfo|Win32
		{DD60C459-55C0-3087-9205-C90984B69CBB}.Debug|Win32.ActiveCfg = Debug|Win32
		{DD60C459-55C0-3087-9205-C90984B69CBB}.Debug|Win32.Build.0 = Debug|Win32
		{DD60C459-55C0-3087-9205-C90984B69CBB}.Release|Win32.ActiveCfg = Release|Win32
		{DD60C459-55C0-3087-9205-C90984B69CBB}.Release|Win32.Build.0 = Release|Win32
		{DD60C459-55C0-3087-9205-C90984B69CBB}.MinSizeRel|Win32.ActiveCfg = MinSizeRel|Win32
		{DD60C459-55C0-3087-9205-C90984B69CBB}.MinSizeRel|Win32.Build.0 = MinSizeRel|Win32
		{DD60C459-55C0-3087-9205-C90984B69CBB}.RelWithDebInfo|Win32.ActiveCfg = RelWithDebInfo|Win32
		{DD60C459-55C0-3087-9205-C90984B69CBB}.RelWithDebInfo|Win32.Build.0 = RelWithDebInfo|Win32
		{2C4D1F60-7792-345F-9DB8-3C462F68C769}.Debug|Win32.ActiveCfg = Debug|Win32
		{2C4D1F60-7792-345F-9DB8-3C462F68C769}.Debug|Win32.Build.0 = Debug|Win32
		{2C4D1F60-7792-345F-9DB8-3C462F68C769}.Release|Win32.ActiveCfg = Release|Win32
		{2C4D1F60-7792-345F-9DB8-3C462F68C769}.Release|Win32.Build.0 = Release|Win32
		{2C4D1F60-7792-345F-9DB8-3C462F68C769}.MinSizeRel|Win32.ActiveCfg = MinSizeRel|Win32
		{2C4D1F60-7792-345F-9DB8-3C462F68C769}.MinSizeRel|Win32.Build.0 = MinSizeRel|Win32
		{2C4D1F60-7792-345F-9DB8-3C462F68C769}.RelWithDebInfo|Win32.ActiveCfg = RelWithDebInfo|Win32
		{2C4D1F60-7792-345F-9DB8-3C462F68C769}.RelWithDebInfo|Win32.Build.0 = RelWithDebInfo|Win32
		{4EBE3DF4-8BD2-3DBB-B5EF-58F6BB79A572}.Debug|Win32.ActiveCfg = Debug|Win32
		{4EBE3DF4-8BD2-3DBB-B5EF-58F6BB79A572}.Debug|Win32.Build.0 = Debug|Win32
		{4EBE3DF4-8BD2-3DBB-B5EF-58F6BB79A572}.Release|Win32.ActiveCfg = Release|Win32
		{4EBE3DF4-8BD2-3DBB-B5EF-58F6BB79A572}.Release|Win32.Build.0 = Release|Win32
		{4EBE3DF4-8BD2-3DBB-B5EF-58F6BB79A572}.MinSizeRel|Win32.ActiveCfg = MinSizeRel|Win32
		{4EBE3DF4-8BD2-3DBB-B5EF-58F6BB79A572}.MinSizeRel|Win32.Build.0 = MinSizeRel|Win32
		{4EBE3DF4-8BD2-3DBB-B5EF-58F6BB79A572}.RelWithDebInfo|Win32.ActiveCfg = RelWithDebInfo|Win32
		{4EBE3DF4-8BD2-3DBB-B5EF-58F6BB79A572}.RelWithDebInfo|Win32.Build.0 = RelWithDebInfo|Win32
		{1C1AD7EB-35C8-354F-9C9E-D139E669E290}.Debug|Win32.ActiveCfg = Debug|Win32
		{1C1AD7EB-35C8-354F-9C9E-D139E669E290}.Debug|Win32.Build.0 = Debug|Win32
		{1C1AD7EB-35C8-354F-9C9E-D139E669E290}.Release|Win32.ActiveCfg = Release|Win32
		{1C1AD7EB-35C8-354F-9C9E-D139E669E290}.Release|Win32.Build.0 = Release|Win32
		{1C1AD7EB-35C8-354F-9C9E-D139E669E290}.MinSizeRel|Win32.ActiveCfg = MinSizeRel|Win32
		{1C1AD7EB-35C8-354F-9C9E-D139E669E290}.MinSizeRel|Win32.Build.0 = MinSizeRel|Win32
		{1C1AD7EB-35C8-354F-9C9E-D139E669E290}.RelWithDebInfo|Win32.ActiveCfg = RelWithDebInfo|Win32
		{1C1AD7EB-35C8-354F-9C9E-D139E669E290}.RelWithDebInfo|Win32.Build.0 = RelWithDebInfo|Win32
		{7BB5DE6D-2DCF-3048-B197-0F8D92EBF735}.Debug|Win32.ActiveCfg = Debug|Win32
		{7BB5DE6D-2DCF-3048-B197-0F8D92EBF735}.Debug|Win32.Build.0 = Debug|Win32
		{7BB5DE6D-2DCF-3048-B197-0F8D92EBF735}.Release|Win32.ActiveCfg = Release|Win32
		{7BB5DE6D-2DCF-3048-B197-0F8D92EBF735}.Release|Win32.Build.0 = Release|Win32
		{7BB5DE6D-2DCF-3048-B197-0F8D92EBF735}.MinSizeRel|Win32.ActiveCfg = MinSizeRel|Win32
		{7BB5DE6D-2DCF-3048-B197-0F8D92EBF735}.MinSizeRel|Win32.Build.0 = MinSizeRel|Win32
		{7BB5DE6D-2DCF-3048-B197-0F8D92EBF735}.RelWithDebInfo|Win32.ActiveCfg = RelWithDebInfo|Win32
		{7BB5DE6D-2DCF-3048-B197-0F8D92EBF735}.RelWithDebInfo|Win32.Build.0 = RelWithDebInfo|Win32
	EndGlobalSection
	GlobalSection(NestedProjects) = preSolution
		{1DD4F1E0-136C-30F6-86CE-C3679BCF15C0} = {26A3626C-6490-32FB-99E5-92BF96A8BF37}
		{D1340C24-A964-3BB6-AB45-324FFBBCDE69} = {26A3626C-6490-32FB-99E5-92BF96A8BF37}
		{A5FD765E-6578-32EA-9EE5-8EA159031EFF} = {3DEC0C54-F76D-338C-A5FF-6BFF815F1167}
		{C8768E5A-184C-3520-85ED-A647A407D54F} = {3DEC0C54-F76D-338C-A5FF-6BFF815F1167}
		{DB7D39B7-6356-38EF-849D-BB9E7F5C55AC} = {3DEC0C54-F76D-338C-A5FF-6BFF815F1167}
		{200B2FED-738C-38C8-B28B-A4735E06B794} = {3DEC0C54-F76D-338C-A5FF-6BFF815F1167}
		{6A2F9144-A3A3-37AC-B4E8-45D6999D0AFE} = {3DEC0C54-F76D-338C-A5FF-6BFF815F1167}
		{9CBBBC21-6EDF-3968-8C08-0FECE5AD6318} = {3DEC0C54-F76D-338C-A5FF-6BFF815F1167}
		{DD60C459-55C0-3087-9205-C90984B69CBB} = {3DEC0C54-F76D-338C-A5FF-6BFF815F1167}
		{2C4D1F60-7792-345F-9DB8-3C462F68C769} = {3DEC0C54-F76D-338C-A5FF-6BFF815F1167}
		{4EBE3DF4-8BD2-3DBB-B5EF-58F6BB79A572} = {3DEC0C54-F76D-338C-A5FF-6BFF815F1167}
		{1C1AD7EB-35C8-354F-9C9E-D139E669E290} = {3DEC0C54-F76D-338C-A5FF-6BFF815F1167}
		{7BB5DE6D-2DCF-3048-B197-0F8D92EBF735} = {3DEC0C54-F76D-338C-A5FF-6BFF815F1167}
		{ADC834A2-5C3D-3E4C-84E9-79EF7459F98D} = {E7020CB7-24F3-33A5-962D-3FFC02D6B910}
		{4A7924F9-2D4A-3C0D-B450-F9E8B7FDE1A2} = {9F4F72E5-BAFF-3158-82E3-48EE7F1DD638}
	EndGlobalSection
	GlobalSection(ExtensibilityGlobals) = postSolution
		SolutionGuid = {330E0B76-D4B4-379C-8B4F-27D03ECA42B9}
	EndGlobalSection
	GlobalSection(ExtensibilityAddIns) = postSolution
	EndGlobalSection
EndGlobal
